{
  "name": "animastor-comfyui-workflow-connector",
  "version": "0.1.0",
  "lockfileVersion": 3,
  "requires": true,
  "packages": {
    "": {
      "name": "animastor-comfyui-workflow-connector",
      "version": "0.1.0",
      "license": "MIT",
      "devDependencies": {
        "chai": "^6.2.2",
        "mocha": "^11.7.5"
      },
      "engines": {
        "node": ">=18"
      }
    },
    "../../backend/node_modules/chai": {
      "version": "6.2.2",
      "dev": true,
      "license": "MIT",
      "devDependencies": {
        "@eslint/js": "^9.17.0",
        "@rollup/plugin-commonjs": "^29.0.0",
        "@web/dev-server-rollup": "^0.6.1",
        "@web/test-runner": "^0.20.0",
        "@web/test-runner-playwright": "^0.11.0",
        "assertion-error": "^2.0.1",
        "c8": "^10.1.3",
        "check-error": "^2.1.1",
        "deep-eql": "^5.0.1",
        "esbuild": "^0.27.0",
        "eslint": "^9.0.0",
        "eslint-plugin-jsdoc": "^61.0.0",
        "globals": "^16.3.0",
        "loupe": "^3.1.0",
        "mocha": "^11.0.0",
        "pathval": "^2.0.0",
        "prettier": "^3.4.2",
        "typescript": "~5.9.0"
      },
      "engines": {
        "node": ">=18"
      }
    },
    "../../backend/node_modules/mocha": {
      "version": "11.7.6",
      "dev": true,
      "license": "MIT",
      "dependencies": {
        "browser-stdout": "^1.3.1",
        "chokidar": "^4.0.1",
        "debug": "^4.3.5",
        "diff": "^7.0.0",
        "escape-string-regexp": "^4.0.0",
        "find-up": "^5.0.0",
        "glob": "^10.4.5",
        "he": "^1.2.0",
        "is-path-inside": "^3.0.3",
        "js-yaml": "^4.1.0",
        "log-symbols": "^4.1.0",
        "minimatch": "^9.0.5",
        "ms": "^2.1.3",
        "picocolors": "^1.1.1",
        "serialize-javascript": "^6.0.2",
        "strip-json-comments": "^3.1.1",
        "supports-color": "^8.1.1",
        "workerpool": "^9.2.0",
        "yargs": "^17.7.2",
        "yargs-parser": "^21.1.1",
        "yargs-unparser": "^2.0.0"
      },
      "bin": {
        "_mocha": "bin/_mocha",
        "mocha": "bin/mocha.js"
      },
      "devDependencies": {
        "@11ty/eleventy": "^1.0.0",
        "@11ty/eleventy-plugin-inclusive-language": "^1.0.3",
        "@eslint/js": "^8.56.0",
        "@mocha/docdash": "^4.0.1",
        "@rollup/plugin-alias": "^5.1.1",
        "@rollup/plugin-commonjs": "^21.0.2",
        "@rollup/plugin-json": "^4.1.0",
        "@rollup/plugin-multi-entry": "^4.0.1",
        "@rollup/plugin-node-resolve": "^13.1.3",
        "@test/esm-only-loader": "./test/compiler-fixtures/esm-only-loader",
        "@types/node": "^22.15.3",
        "@types/yargs": "^17.0.33",
        "@vscode/windows-process-tree": "^0.6.3",
        "chai": "^4.3.4",
        "coffeescript": "^2.6.1",
        "cross-env": "^7.0.2",
        "eslint": "^8.56.0",
        "eslint-plugin-n": "^17.15.1",
        "fail-on-errors-webpack-plugin": "^3.0.0",
        "globals": "^13.24.0",
        "http-server": "^14.1.1",
        "installed-check": "^9.3.0",
        "jsdoc": "^3.6.7",
        "jsdoc-ts-utils": "^2.0.1",
        "karma": "^6.4.2",
        "karma-chrome-launcher": "^3.2.0",
        "karma-mocha": "^2.0.1",
        "karma-mocha-reporter": "^2.2.5",
        "karma-sauce-launcher": "^4.3.6",
        "knip": "^5.61.3",
        "markdown-it": "^12.3.2",
        "markdown-it-anchor": "^8.4.1",
        "markdown-it-attrs": "^4.1.3",
        "markdown-it-emoji": "^2.0.0",
        "markdown-it-prism": "^2.2.2",
        "markdown-toc": "^1.2.0",
        "markdownlint-cli": "^0.30.0",
        "needle": "^2.5.0",
        "npm-run-all2": "^6.2.0",
        "nyc": "^15.1.0",
        "pidtree": "^0.5.0",
        "prettier": "3.6.2",
        "remark": "^14.0.2",
        "remark-github": "^11.2.2",
        "remark-inline-links": "^6.0.1",
        "rewiremock": "^3.14.3",
        "rimraf": "^3.0.2",
        "rollup": "^2.70.1",
        "rollup-plugin-node-globals": "^1.4.0",
        "rollup-plugin-polyfill-node": "^0.8.0",
        "rollup-plugin-visualizer": "^5.6.0",
        "semver": "^7.7.2",
        "sinon": "^9.0.3",
        "typescript": "^5.8.3",
        "unexpected": "^11.14.0",
        "unexpected-eventemitter": "^2.2.0",
        "unexpected-map": "^2.0.0",
        "unexpected-set": "^3.0.0",
        "unexpected-sinon": "^10.11.2",
        "uslug": "^1.0.4",
        "webpack": "^5.67.0",
        "webpack-cli": "^4.9.1"
      },
      "engines": {
        "node": "^18.18.0 || ^20.9.0 || >=21.1.0"
      }
    },
    "../../backend/node_modules/mocha/node_modules/debug": {
      "version": "4.4.3",
      "dev": true,
      "license": "MIT",
      "dependencies": {
        "ms": "^2.1.3"
      },
      "engines": {
        "node": ">=6.0"
      },
      "peerDependenciesMeta": {
        "supports-color": {
          "optional": true
        }
      }
    },
    "../../backend/node_modules/mocha/node_modules/ms": {
      "version": "2.1.3",
      "dev": true,
      "license": "MIT"
    },
    "node_modules/chai": {
      "resolved": "../../backend/node_modules/chai",
      "link": true
    },
    "node_modules/mocha": {
      "resolved": "../../backend/node_modules/mocha",
      "link": true
    }
  }
}
